
Microsoft Visual Studio Solution File, Format Version 12.00
# Visual Studio Version 16
VisualStudioVersion = 16.0.31702.278
MinimumVisualStudioVersion = 10.0.40219.1
Project("{9A19103F-16F7-4668-BE54-9A1E7A4F7556}") = "TeamJ.SKS.Package.Services", "TeamJ.SKS.Package.Services\TeamJ.SKS.Package.Services.csproj", "{A0819C4F-68AE-4C3F-A856-1719D1A4798E}"
EndProject
Project("{9A19103F-16F7-4668-BE54-9A1E7A4F7556}") = "TeamJ.SKS.Package.Services.DTOs", "TeamJ.SKS.Package.Services.DTOs\TeamJ.SKS.Package.Services.DTOs.csproj", "{FB330443-9F9B-464A-A674-57C770F10024}"
EndProject
Project("{9A19103F-16F7-4668-BE54-9A1E7A4F7556}") = "TeamJ.SKS.Package.Services.Interfaces", "TeamJ.SKS.Package.Services.Interfaces\TeamJ.SKS.Package.Services.Interfaces.csproj", "{CF75D38B-413F-4655-85F5-9844C0E92324}"
EndProject
Project("{9A19103F-16F7-4668-BE54-9A1E7A4F7556}") = "TeamJ.SKS.Package.Services.Test", "TeamJ.SKS.Package.Services.Test\TeamJ.SKS.Package.Services.Test.csproj", "{98DAFA03-CB26-493B-AA0D-48524DAB6B51}"
EndProject
Project("{9A19103F-16F7-4668-BE54-9A1E7A4F7556}") = "TeamJ.SKS.Package.BusinessLogic.DTOs", "TeamJ.SKS.Package.BusinessLogic.Entities\TeamJ.SKS.Package.BusinessLogic.DTOs.csproj", "{A31F9C57-F1CD-4566-8216-5E5ECBAD26D8}"
EndProject
Project("{9A19103F-16F7-4668-BE54-9A1E7A4F7556}") = "TeamJ.SKS.Package.BusinessLogic.Interfaces", "TeamJ.SKS.Package.BusinessLogic.Interfaces\TeamJ.SKS.Package.BusinessLogic.Interfaces.csproj", "{F3506675-091D-4732-AA44-98AEE37652C3}"
EndProject
Project("{9A19103F-16F7-4668-BE54-9A1E7A4F7556}") = "TeamJ.SKS.Package.BusinessLogic.Test", "TeamJ.SKS.Package.BusinessLogic.Test\TeamJ.SKS.Package.BusinessLogic.Test.csproj", "{ABA068F3-32F4-48BE-8C3F-58F27446DA63}"
EndProject
Project("{9A19103F-16F7-4668-BE54-9A1E7A4F7556}") = "TeamJ.SKS.Package.BusinessLogic", "TeamJ.SKS.Package.BusinessLogic\TeamJ.SKS.Package.BusinessLogic.csproj", "{AED68E58-6E95-4056-9BFF-298031DBADBA}"
EndProject
Project("{9A19103F-16F7-4668-BE54-9A1E7A4F7556}") = "TeamJ.SKS.Package.DataAccess.Sql", "TeamJ.SKS.Package.DataAccess.Sql\TeamJ.SKS.Package.DataAccess.Sql.csproj", "{E89B1960-85B5-477C-90AA-164568FD7F88}"
EndProject
Project("{9A19103F-16F7-4668-BE54-9A1E7A4F7556}") = "TeamJ.SKS.Package.DataAccess.Interfaces", "TeamJ.SKS.Package.DataAccess.Interfaces\TeamJ.SKS.Package.DataAccess.Interfaces.csproj", "{55AC6D00-CF61-47B5-B3C8-06AB024713DD}"
EndProject
Project("{9A19103F-16F7-4668-BE54-9A1E7A4F7556}") = "TeamJ.SKS.Package.DataAccess.Test", "TeamJ.SKS.Package.DataAccess.Tests\TeamJ.SKS.Package.DataAccess.Test.csproj", "{CFF98846-13E7-4590-8BAD-FEA07FA92663}"
	ProjectSection(ProjectDependencies) = postProject
		{E89B1960-85B5-477C-90AA-164568FD7F88} = {E89B1960-85B5-477C-90AA-164568FD7F88}
	EndProjectSection
EndProject
Project("{9A19103F-16F7-4668-BE54-9A1E7A4F7556}") = "TeamJ.SKS.Package.DataAccess.DTOs", "TeamJ.SKS.Package.DataAccess.DTOs\TeamJ.SKS.Package.DataAccess.DTOs.csproj", "{C19F1912-8BDA-41DB-831A-85F835C04C6C}"
EndProject
Project("{9A19103F-16F7-4668-BE54-9A1E7A4F7556}") = "TeamJ.SKS.Package.ServiceAgents", "TeamJ.SKS.Package.ServiceAgents\TeamJ.SKS.Package.ServiceAgents.csproj", "{AEADD245-6C27-46C4-A7C5-0FA7D8FE5E96}"
EndProject
Project("{9A19103F-16F7-4668-BE54-9A1E7A4F7556}") = "TeamJ.SKS.Package.ServiceAgents.Interfaces", "TeamJ.SKS.Package.ServiceAgents.Interfaces\TeamJ.SKS.Package.ServiceAgents.Interfaces.csproj", "{875D66A2-8CD0-4ABE-8A67-6F93EB2ACD1F}"
EndProject
Project("{9A19103F-16F7-4668-BE54-9A1E7A4F7556}") = "TeamJ.SKS.Package.ServiceAgent.Test", "TeamJ.SKS.Package.ServiceAgent.Test\TeamJ.SKS.Package.ServiceAgent.Test.csproj", "{CEE1A0AD-E492-4802-8E53-7A8A879EDA28}"
EndProject
Project("{FAE04EC0-301F-11D3-BF4B-00C04F79EFBC}") = "TeamJ.SKS.Package.Webhooks", "TeamJ.SKS.Package.Webhooks\TeamJ.SKS.Package.Webhooks.csproj", "{71FED225-ACD6-4A3A-B95A-494ACCBC518E}"
EndProject
Project("{FAE04EC0-301F-11D3-BF4B-00C04F79EFBC}") = "TeamJ.SKS.Package.Webhooks.Test", "TeamJ.SKS.Package.Webhooks.Test\TeamJ.SKS.Package.Webhooks.Test.csproj", "{3834A10A-C7FF-489A-9058-7BABCAD41E17}"
EndProject
Project("{FAE04EC0-301F-11D3-BF4B-00C04F79EFBC}") = "TeamJ.SKS.Package.Webhooks.Interfaces", "TeamJ.SKS.Package.Webhooks.Interfaces\TeamJ.SKS.Package.Webhooks.Interfaces.csproj", "{16DE6BD2-7FED-4839-9411-05F73ADF30B7}"
EndProject
Project("{FAE04EC0-301F-11D3-BF4B-00C04F79EFBC}") = "TeamJ.SKS.Package.Webhooks.Sql", "TeamJ.SKS.Package.Webhooks.Sql\TeamJ.SKS.Package.Webhooks.Sql.csproj", "{317E739A-17B6-4CAA-9945-4105E084A0E2}"
EndProject
Global
	GlobalSection(SolutionConfigurationPlatforms) = preSolution
		Debug|Any CPU = Debug|Any CPU
		Release|Any CPU = Release|Any CPU
	EndGlobalSection
	GlobalSection(ProjectConfigurationPlatforms) = postSolution
		{A0819C4F-68AE-4C3F-A856-1719D1A4798E}.Debug|Any CPU.ActiveCfg = Debug|Any CPU
		{A0819C4F-68AE-4C3F-A856-1719D1A4798E}.Debug|Any CPU.Build.0 = Debug|Any CPU
		{A0819C4F-68AE-4C3F-A856-1719D1A4798E}.Release|Any CPU.ActiveCfg = Release|Any CPU
		{A0819C4F-68AE-4C3F-A856-1719D1A4798E}.Release|Any CPU.Build.0 = Release|Any CPU
		{FB330443-9F9B-464A-A674-57C770F10024}.Debug|Any CPU.ActiveCfg = Debug|Any CPU
		{FB330443-9F9B-464A-A674-57C770F10024}.Debug|Any CPU.Build.0 = Debug|Any CPU
		{FB330443-9F9B-464A-A674-57C770F10024}.Release|Any CPU.ActiveCfg = Release|Any CPU
		{FB330443-9F9B-464A-A674-57C770F10024}.Release|Any CPU.Build.0 = Release|Any CPU
		{CF75D38B-413F-4655-85F5-9844C0E92324}.Debug|Any CPU.ActiveCfg = Debug|Any CPU
		{CF75D38B-413F-4655-85F5-9844C0E92324}.Debug|Any CPU.Build.0 = Debug|Any CPU
		{CF75D38B-413F-4655-85F5-9844C0E92324}.Release|Any CPU.ActiveCfg = Release|Any CPU
		{CF75D38B-413F-4655-85F5-9844C0E92324}.Release|Any CPU.Build.0 = Release|Any CPU
		{98DAFA03-CB26-493B-AA0D-48524DAB6B51}.Debug|Any CPU.ActiveCfg = Debug|Any CPU
		{98DAFA03-CB26-493B-AA0D-48524DAB6B51}.Debug|Any CPU.Build.0 = Debug|Any CPU
		{98DAFA03-CB26-493B-AA0D-48524DAB6B51}.Release|Any CPU.ActiveCfg = Release|Any CPU
		{98DAFA03-CB26-493B-AA0D-48524DAB6B51}.Release|Any CPU.Build.0 = Release|Any CPU
		{A31F9C57-F1CD-4566-8216-5E5ECBAD26D8}.Debug|Any CPU.ActiveCfg = Debug|Any CPU
		{A31F9C57-F1CD-4566-8216-5E5ECBAD26D8}.Debug|Any CPU.Build.0 = Debug|Any CPU
		{A31F9C57-F1CD-4566-8216-5E5ECBAD26D8}.Release|Any CPU.ActiveCfg = Release|Any CPU
		{A31F9C57-F1CD-4566-8216-5E5ECBAD26D8}.Release|Any CPU.Build.0 = Release|Any CPU
		{F3506675-091D-4732-AA44-98AEE37652C3}.Debug|Any CPU.ActiveCfg = Debug|Any CPU
		{F3506675-091D-4732-AA44-98AEE37652C3}.Debug|Any CPU.Build.0 = Debug|Any CPU
		{F3506675-091D-4732-AA44-98AEE37652C3}.Release|Any CPU.ActiveCfg = Release|Any CPU
		{F3506675-091D-4732-AA44-98AEE37652C3}.Release|Any CPU.Build.0 = Release|Any CPU
		{ABA068F3-32F4-48BE-8C3F-58F27446DA63}.Debug|Any CPU.ActiveCfg = Debug|Any CPU
		{ABA068F3-32F4-48BE-8C3F-58F27446DA63}.Debug|Any CPU.Build.0 = Debug|Any CPU
		{ABA068F3-32F4-48BE-8C3F-58F27446DA63}.Release|Any CPU.ActiveCfg = Release|Any CPU
		{ABA068F3-32F4-48BE-8C3F-58F27446DA63}.Release|Any CPU.Build.0 = Release|Any CPU
		{AED68E58-6E95-4056-9BFF-298031DBADBA}.Debug|Any CPU.ActiveCfg = Debug|Any CPU
		{AED68E58-6E95-4056-9BFF-298031DBADBA}.Debug|Any CPU.Build.0 = Debug|Any CPU
		{AED68E58-6E95-4056-9BFF-298031DBADBA}.Release|Any CPU.ActiveCfg = Release|Any CPU
		{AED68E58-6E95-4056-9BFF-298031DBADBA}.Release|Any CPU.Build.0 = Release|Any CPU
		{E89B1960-85B5-477C-90AA-164568FD7F88}.Debug|Any CPU.ActiveCfg = Debug|Any CPU
		{E89B1960-85B5-477C-90AA-164568FD7F88}.Debug|Any CPU.Build.0 = Debug|Any CPU
		{E89B1960-85B5-477C-90AA-164568FD7F88}.Release|Any CPU.ActiveCfg = Release|Any CPU
		{E89B1960-85B5-477C-90AA-164568FD7F88}.Release|Any CPU.Build.0 = Release|Any CPU
		{55AC6D00-CF61-47B5-B3C8-06AB024713DD}.Debug|Any CPU.ActiveCfg = Debug|Any CPU
		{55AC6D00-CF61-47B5-B3C8-06AB024713DD}.Debug|Any CPU.Build.0 = Debug|Any CPU
		{55AC6D00-CF61-47B5-B3C8-06AB024713DD}.Release|Any CPU.ActiveCfg = Release|Any CPU
		{55AC6D00-CF61-47B5-B3C8-06AB024713DD}.Release|Any CPU.Build.0 = Release|Any CPU
		{CFF98846-13E7-4590-8BAD-FEA07FA92663}.Debug|Any CPU.ActiveCfg = Debug|Any CPU
		{CFF98846-13E7-4590-8BAD-FEA07FA92663}.Debug|Any CPU.Build.0 = Debug|Any CPU
		{CFF98846-13E7-4590-8BAD-FEA07FA92663}.Release|Any CPU.ActiveCfg = Release|Any CPU
		{CFF98846-13E7-4590-8BAD-FEA07FA92663}.Release|Any CPU.Build.0 = Release|Any CPU
		{C19F1912-8BDA-41DB-831A-85F835C04C6C}.Debug|Any CPU.ActiveCfg = Debug|Any CPU
		{C19F1912-8BDA-41DB-831A-85F835C04C6C}.Debug|Any CPU.Build.0 = Debug|Any CPU
		{C19F1912-8BDA-41DB-831A-85F835C04C6C}.Release|Any CPU.ActiveCfg = Release|Any CPU
		{C19F1912-8BDA-41DB-831A-85F835C04C6C}.Release|Any CPU.Build.0 = Release|Any CPU
		{AEADD245-6C27-46C4-A7C5-0FA7D8FE5E96}.Debug|Any CPU.ActiveCfg = Debug|Any CPU
		{AEADD245-6C27-46C4-A7C5-0FA7D8FE5E96}.Debug|Any CPU.Build.0 = Debug|Any CPU
		{AEADD245-6C27-46C4-A7C5-0FA7D8FE5E96}.Release|Any CPU.ActiveCfg = Release|Any CPU
		{AEADD245-6C27-46C4-A7C5-0FA7D8FE5E96}.Release|Any CPU.Build.0 = Release|Any CPU
		{875D66A2-8CD0-4ABE-8A67-6F93EB2ACD1F}.Debug|Any CPU.ActiveCfg = Debug|Any CPU
		{875D66A2-8CD0-4ABE-8A67-6F93EB2ACD1F}.Debug|Any CPU.Build.0 = Debug|Any CPU
		{875D66A2-8CD0-4ABE-8A67-6F93EB2ACD1F}.Release|Any CPU.ActiveCfg = Release|Any CPU
		{875D66A2-8CD0-4ABE-8A67-6F93EB2ACD1F}.Release|Any CPU.Build.0 = Release|Any CPU
		{CEE1A0AD-E492-4802-8E53-7A8A879EDA28}.Debug|Any CPU.ActiveCfg = Debug|Any CPU
		{CEE1A0AD-E492-4802-8E53-7A8A879EDA28}.Debug|Any CPU.Build.0 = Debug|Any CPU
		{CEE1A0AD-E492-4802-8E53-7A8A879EDA28}.Release|Any CPU.ActiveCfg = Release|Any CPU
		{CEE1A0AD-E492-4802-8E53-7A8A879EDA28}.Release|Any CPU.Build.0 = Release|Any CPU
		{71FED225-ACD6-4A3A-B95A-494ACCBC518E}.Debug|Any CPU.ActiveCfg = Debug|Any CPU
		{71FED225-ACD6-4A3A-B95A-494ACCBC518E}.Debug|Any CPU.Build.0 = Debug|Any CPU
		{71FED225-ACD6-4A3A-B95A-494ACCBC518E}.Release|Any CPU.ActiveCfg = Release|Any CPU
		{71FED225-ACD6-4A3A-B95A-494ACCBC518E}.Release|Any CPU.Build.0 = Release|Any CPU
		{3834A10A-C7FF-489A-9058-7BABCAD41E17}.Debug|Any CPU.ActiveCfg = Debug|Any CPU
		{3834A10A-C7FF-489A-9058-7BABCAD41E17}.Debug|Any CPU.Build.0 = Debug|Any CPU
		{3834A10A-C7FF-489A-9058-7BABCAD41E17}.Release|Any CPU.ActiveCfg = Release|Any CPU
		{3834A10A-C7FF-489A-9058-7BABCAD41E17}.Release|Any CPU.Build.0 = Release|Any CPU
		{16DE6BD2-7FED-4839-9411-05F73ADF30B7}.Debug|Any CPU.ActiveCfg = Debug|Any CPU
		{16DE6BD2-7FED-4839-9411-05F73ADF30B7}.Debug|Any CPU.Build.0 = Debug|Any CPU
		{16DE6BD2-7FED-4839-9411-05F73ADF30B7}.Release|Any CPU.ActiveCfg = Release|Any CPU
		{16DE6BD2-7FED-4839-9411-05F73ADF30B7}.Release|Any CPU.Build.0 = Release|Any CPU
		{317E739A-17B6-4CAA-9945-4105E084A0E2}.Debug|Any CPU.ActiveCfg = Debug|Any CPU
		{317E739A-17B6-4CAA-9945-4105E084A0E2}.Debug|Any CPU.Build.0 = Debug|Any CPU
		{317E739A-17B6-4CAA-9945-4105E084A0E2}.Release|Any CPU.ActiveCfg = Release|Any CPU
		{317E739A-17B6-4CAA-9945-4105E084A0E2}.Release|Any CPU.Build.0 = Release|Any CPU
	EndGlobalSection
	GlobalSection(SolutionProperties) = preSolution
		HideSolutionNode = FALSE
	EndGlobalSection
	GlobalSection(ExtensibilityGlobals) = postSolution
		SolutionGuid = {A33D686C-16D8-47CB-9FAB-DB4673A0C797}
	EndGlobalSection
EndGlobal
